
Microsoft Visual Studio Solution File, Format Version 12.00
# Visual Studio Version 16
VisualStudioVersion = 16.0.31129.286
MinimumVisualStudioVersion = 10.0.40219.1
Project("{FAE04EC0-301F-11D3-BF4B-00C04F79EFBC}") = "League Of Legends Rün Yardımcısı", "League Of Legends Rün Yardımcısı\League Of Legends Rün Yardımcısı.csproj", "{6C0C19A7-C54D-4D54-B629-8FB98567C6E1}"
EndProject
Global
	GlobalSection(SolutionConfigurationPlatforms) = preSolution
		Debug|Any CPU = Debug|Any CPU
		Release|Any CPU = Release|Any CPU
	EndGlobalSection
	GlobalSection(ProjectConfigurationPlatforms) = postSolution
		{6C0C19A7-C54D-4D54-B629-8FB98567C6E1}.Debug|Any CPU.ActiveCfg = Debug|Any CPU
		{6C0C19A7-C54D-4D54-B629-8FB98567C6E1}.Debug|Any CPU.Build.0 = Debug|Any CPU
		{6C0C19A7-C54D-4D54-B629-8FB98567C6E1}.Release|Any CPU.ActiveCfg = Release|Any CPU
		{6C0C19A7-C54D-4D54-B629-8FB98567C6E1}.Release|Any CPU.Build.0 = Release|Any CPU
	EndGlobalSection
	GlobalSection(SolutionProperties) = preSolution
		HideSolutionNode = FALSE
	EndGlobalSection
	GlobalSection(ExtensibilityGlobals) = postSolution
		SolutionGuid = {23ACC267-A78B-4C61-BC0F-88CD4FF9E0E1}
	EndGlobalSection
EndGlobal
